
Microsoft Visual Studio Solution File, Format Version 12.00
# Visual Studio Version 16
VisualStudioVersion = 16.0.28922.388
MinimumVisualStudioVersion = 10.0.40219.1
Project("{FAE04EC0-301F-11D3-BF4B-00C04F79EFBC}") = "PaymentsApi", "..\PaymentsApi\PaymentsApi.csproj", "{4FD895EE-591A-4B76-B97C-50266CB3E9F3}"
EndProject
Project("{2150E333-8FDC-42A3-9474-1A3956D46DE8}") = "Consumers", "Consumers", "{37D0B032-B6B7-4496-8467-82548FAD6CE9}"
EndProject
Project("{FAE04EC0-301F-11D3-BF4B-00C04F79EFBC}") = "AccountsAuditConsumer", "..\AccountsAuditConsumer\AccountsAuditConsumer.csproj", "{685BE3F7-6EF9-4FD2-BD0F-9498C08989E3}"
EndProject
Project("{FAE04EC0-301F-11D3-BF4B-00C04F79EFBC}") = "DirectPaymentConsumer", "..\DirectPaymentConsumer\DirectPaymentConsumer.csproj", "{1FFC98DA-0686-4137-833E-8B9F187C518B}"
EndProject
Project("{FAE04EC0-301F-11D3-BF4B-00C04F79EFBC}") = "PaymentCardConsumer", "..\PaymentCardConsumer\PaymentCardConsumer.csproj", "{3375C591-913E-42C0-AAE7-A4396BD368D4}"
EndProject
Project("{FAE04EC0-301F-11D3-BF4B-00C04F79EFBC}") = "PurchaseOrderConsumer", "..\PurchaseOrderConsumer\PurchaseOrderConsumer.csproj", "{17153237-330D-4323-82B0-B67626AD5F75}"
EndProject
Project("{9A19103F-16F7-4668-BE54-9A1E7A4F7556}") = "Common", "..\Common\Common.csproj", "{BE1CCB0C-CBB5-4BFA-86EF-7A50A5C5DDF7}"
EndProject
Global
	GlobalSection(SolutionConfigurationPlatforms) = preSolution
		Debug|Any CPU = Debug|Any CPU
		Release|Any CPU = Release|Any CPU
	EndGlobalSection
	GlobalSection(ProjectConfigurationPlatforms) = postSolution
		{4FD895EE-591A-4B76-B97C-50266CB3E9F3}.Debug|Any CPU.ActiveCfg = Debug|Any CPU
		{4FD895EE-591A-4B76-B97C-50266CB3E9F3}.Debug|Any CPU.Build.0 = Debug|Any CPU
		{4FD895EE-591A-4B76-B97C-50266CB3E9F3}.Release|Any CPU.ActiveCfg = Release|Any CPU
		{4FD895EE-591A-4B76-B97C-50266CB3E9F3}.Release|Any CPU.Build.0 = Release|Any CPU
		{685BE3F7-6EF9-4FD2-BD0F-9498C08989E3}.Debug|Any CPU.ActiveCfg = Debug|Any CPU
		{685BE3F7-6EF9-4FD2-BD0F-9498C08989E3}.Debug|Any CPU.Build.0 = Debug|Any CPU
		{685BE3F7-6EF9-4FD2-BD0F-9498C08989E3}.Release|Any CPU.ActiveCfg = Release|Any CPU
		{685BE3F7-6EF9-4FD2-BD0F-9498C08989E3}.Release|Any CPU.Build.0 = Release|Any CPU
		{1FFC98DA-0686-4137-833E-8B9F187C518B}.Debug|Any CPU.ActiveCfg = Debug|Any CPU
		{1FFC98DA-0686-4137-833E-8B9F187C518B}.Debug|Any CPU.Build.0 = Debug|Any CPU
		{1FFC98DA-0686-4137-833E-8B9F187C518B}.Release|Any CPU.ActiveCfg = Release|Any CPU
		{1FFC98DA-0686-4137-833E-8B9F187C518B}.Release|Any CPU.Build.0 = Release|Any CPU
		{3375C591-913E-42C0-AAE7-A4396BD368D4}.Debug|Any CPU.ActiveCfg = Debug|Any CPU
		{3375C591-913E-42C0-AAE7-A4396BD368D4}.Debug|Any CPU.Build.0 = Debug|Any CPU
		{3375C591-913E-42C0-AAE7-A4396BD368D4}.Release|Any CPU.ActiveCfg = Release|Any CPU
		{3375C591-913E-42C0-AAE7-A4396BD368D4}.Release|Any CPU.Build.0 = Release|Any CPU
		{17153237-330D-4323-82B0-B67626AD5F75}.Debug|Any CPU.ActiveCfg = Debug|Any CPU
		{17153237-330D-4323-82B0-B67626AD5F75}.Debug|Any CPU.Build.0 = Debug|Any CPU
		{17153237-330D-4323-82B0-B67626AD5F75}.Release|Any CPU.ActiveCfg = Release|Any CPU
		{17153237-330D-4323-82B0-B67626AD5F75}.Release|Any CPU.Build.0 = Release|Any CPU
		{BE1CCB0C-CBB5-4BFA-86EF-7A50A5C5DDF7}.Debug|Any CPU.ActiveCfg = Debug|Any CPU
		{BE1CCB0C-CBB5-4BFA-86EF-7A50A5C5DDF7}.Debug|Any CPU.Build.0 = Debug|Any CPU
		{BE1CCB0C-CBB5-4BFA-86EF-7A50A5C5DDF7}.Release|Any CPU.ActiveCfg = Release|Any CPU
		{BE1CCB0C-CBB5-4BFA-86EF-7A50A5C5DDF7}.Release|Any CPU.Build.0 = Release|Any CPU
	EndGlobalSection
	GlobalSection(SolutionProperties) = preSolution
		HideSolutionNode = FALSE
	EndGlobalSection
	GlobalSection(NestedProjects) = preSolution
		{685BE3F7-6EF9-4FD2-BD0F-9498C08989E3} = {37D0B032-B6B7-4496-8467-82548FAD6CE9}
		{1FFC98DA-0686-4137-833E-8B9F187C518B} = {37D0B032-B6B7-4496-8467-82548FAD6CE9}
		{3375C591-913E-42C0-AAE7-A4396BD368D4} = {37D0B032-B6B7-4496-8467-82548FAD6CE9}
		{17153237-330D-4323-82B0-B67626AD5F75} = {37D0B032-B6B7-4496-8467-82548FAD6CE9}
	EndGlobalSection
	GlobalSection(ExtensibilityGlobals) = postSolution
		SolutionGuid = {4AEE5393-5711-42B9-AB06-78A28F8B69A6}
	EndGlobalSection
EndGlobal
